
Microsoft Visual Studio Solution File, Format Version 11.00
# Visual Studio 2010
Project("{FAE04EC0-301F-11D3-BF4B-00C04F79EFBC}") = "AKG Project 1", "Assembly-CSharp-firstpass.csproj", "{AFC5CA6D-F1E5-9168-4A1F-58060EA78F54}"
EndProject
Project("{FAE04EC0-301F-11D3-BF4B-00C04F79EFBC}") = "AKG Project 1", "Assembly-CSharp.csproj", "{83B82B1E-34AD-7203-4DC3-96CA3AC5F4D9}"
EndProject
Global
	GlobalSection(SolutionConfigurationPlatforms) = preSolution
		Debug|Any CPU = Debug|Any CPU
		Release|Any CPU = Release|Any CPU
	EndGlobalSection
	GlobalSection(ProjectConfigurationPlatforms) = postSolution
		{AFC5CA6D-F1E5-9168-4A1F-58060EA78F54}.Debug|Any CPU.ActiveCfg = Debug|Any CPU
		{AFC5CA6D-F1E5-9168-4A1F-58060EA78F54}.Debug|Any CPU.Build.0 = Debug|Any CPU
		{AFC5CA6D-F1E5-9168-4A1F-58060EA78F54}.Release|Any CPU.ActiveCfg = Release|Any CPU
		{AFC5CA6D-F1E5-9168-4A1F-58060EA78F54}.Release|Any CPU.Build.0 = Release|Any CPU
		{83B82B1E-34AD-7203-4DC3-96CA3AC5F4D9}.Debug|Any CPU.ActiveCfg = Debug|Any CPU
		{83B82B1E-34AD-7203-4DC3-96CA3AC5F4D9}.Debug|Any CPU.Build.0 = Debug|Any CPU
		{83B82B1E-34AD-7203-4DC3-96CA3AC5F4D9}.Release|Any CPU.ActiveCfg = Release|Any CPU
		{83B82B1E-34AD-7203-4DC3-96CA3AC5F4D9}.Release|Any CPU.Build.0 = Release|Any CPU
	EndGlobalSection
	GlobalSection(SolutionProperties) = preSolution
		HideSolutionNode = FALSE
	EndGlobalSection
	GlobalSection(MonoDevelopProperties) = preSolution
		StartupItem = Assembly-CSharp.csproj
	EndGlobalSection
EndGlobal
